
Microsoft Visual Studio Solution File, Format Version 12.00
# Visual Studio 15
VisualStudioVersion = 15.0.26124.0
MinimumVisualStudioVersion = 15.0.26124.0
Project("{2150E333-8FDC-42A3-9474-1A3956D46DE8}") = "src", "src", "{A6248C34-13D7-4CD6-91F3-65665E3C3131}"
EndProject
Project("{FAE04EC0-301F-11D3-BF4B-00C04F79EFBC}") = "Zyborg.VMBot", "src\Zyborg.VMBot\Zyborg.VMBot.csproj", "{14A6EAA2-29C4-4DC5-BC3C-6F1D4919B3DA}"
EndProject
Project("{2150E333-8FDC-42A3-9474-1A3956D46DE8}") = "test", "test", "{752E4F69-7B03-465D-BE93-B525EE26F767}"
EndProject
Project("{FAE04EC0-301F-11D3-BF4B-00C04F79EFBC}") = "Zyborg.VMBot.Tests", "test\Zyborg.VMBot.Tests\Zyborg.VMBot.Tests.csproj", "{DA14DB9F-08A7-4865-8524-659FCBC9806F}"
EndProject
Global
	GlobalSection(SolutionConfigurationPlatforms) = preSolution
		Debug|Any CPU = Debug|Any CPU
		Debug|x64 = Debug|x64
		Debug|x86 = Debug|x86
		Release|Any CPU = Release|Any CPU
		Release|x64 = Release|x64
		Release|x86 = Release|x86
	EndGlobalSection
	GlobalSection(SolutionProperties) = preSolution
		HideSolutionNode = FALSE
	EndGlobalSection
	GlobalSection(ProjectConfigurationPlatforms) = postSolution
		{14A6EAA2-29C4-4DC5-BC3C-6F1D4919B3DA}.Debug|Any CPU.ActiveCfg = Debug|Any CPU
		{14A6EAA2-29C4-4DC5-BC3C-6F1D4919B3DA}.Debug|Any CPU.Build.0 = Debug|Any CPU
		{14A6EAA2-29C4-4DC5-BC3C-6F1D4919B3DA}.Debug|x64.ActiveCfg = Debug|Any CPU
		{14A6EAA2-29C4-4DC5-BC3C-6F1D4919B3DA}.Debug|x64.Build.0 = Debug|Any CPU
		{14A6EAA2-29C4-4DC5-BC3C-6F1D4919B3DA}.Debug|x86.ActiveCfg = Debug|Any CPU
		{14A6EAA2-29C4-4DC5-BC3C-6F1D4919B3DA}.Debug|x86.Build.0 = Debug|Any CPU
		{14A6EAA2-29C4-4DC5-BC3C-6F1D4919B3DA}.Release|Any CPU.ActiveCfg = Release|Any CPU
		{14A6EAA2-29C4-4DC5-BC3C-6F1D4919B3DA}.Release|Any CPU.Build.0 = Release|Any CPU
		{14A6EAA2-29C4-4DC5-BC3C-6F1D4919B3DA}.Release|x64.ActiveCfg = Release|Any CPU
		{14A6EAA2-29C4-4DC5-BC3C-6F1D4919B3DA}.Release|x64.Build.0 = Release|Any CPU
		{14A6EAA2-29C4-4DC5-BC3C-6F1D4919B3DA}.Release|x86.ActiveCfg = Release|Any CPU
		{14A6EAA2-29C4-4DC5-BC3C-6F1D4919B3DA}.Release|x86.Build.0 = Release|Any CPU
		{DA14DB9F-08A7-4865-8524-659FCBC9806F}.Debug|Any CPU.ActiveCfg = Debug|Any CPU
		{DA14DB9F-08A7-4865-8524-659FCBC9806F}.Debug|Any CPU.Build.0 = Debug|Any CPU
		{DA14DB9F-08A7-4865-8524-659FCBC9806F}.Debug|x64.ActiveCfg = Debug|Any CPU
		{DA14DB9F-08A7-4865-8524-659FCBC9806F}.Debug|x64.Build.0 = Debug|Any CPU
		{DA14DB9F-08A7-4865-8524-659FCBC9806F}.Debug|x86.ActiveCfg = Debug|Any CPU
		{DA14DB9F-08A7-4865-8524-659FCBC9806F}.Debug|x86.Build.0 = Debug|Any CPU
		{DA14DB9F-08A7-4865-8524-659FCBC9806F}.Release|Any CPU.ActiveCfg = Release|Any CPU
		{DA14DB9F-08A7-4865-8524-659FCBC9806F}.Release|Any CPU.Build.0 = Release|Any CPU
		{DA14DB9F-08A7-4865-8524-659FCBC9806F}.Release|x64.ActiveCfg = Release|Any CPU
		{DA14DB9F-08A7-4865-8524-659FCBC9806F}.Release|x64.Build.0 = Release|Any CPU
		{DA14DB9F-08A7-4865-8524-659FCBC9806F}.Release|x86.ActiveCfg = Release|Any CPU
		{DA14DB9F-08A7-4865-8524-659FCBC9806F}.Release|x86.Build.0 = Release|Any CPU
	EndGlobalSection
	GlobalSection(NestedProjects) = preSolution
		{14A6EAA2-29C4-4DC5-BC3C-6F1D4919B3DA} = {A6248C34-13D7-4CD6-91F3-65665E3C3131}
		{DA14DB9F-08A7-4865-8524-659FCBC9806F} = {752E4F69-7B03-465D-BE93-B525EE26F767}
	EndGlobalSection
EndGlobal
